{
  "originHash" : "267732f6e2f5ab76780ad53c992ff536c864846ef4908b3800a3671304a38b73",
  "pins" : [
    {
      "identity" : "purchases-ios",
      "kind" : "remoteSourceControl",
      "location" : "https://github.com/RevenueCat/purchases-ios.git",
      "state" : {
        "revision" : "e90dec89a46199cc57eb53d1523ff8606edac276",
        "version" : "5.30.0"
      }
    },
    {
      "identity" : "superscript-ios",
      "kind" : "remoteSourceControl",
      "location" : "https://github.com/superwall/Superscript-iOS",
      "state" : {
        "revision" : "5f99cecebdbbdb0be96f413dbd0e7458180977ed",
        "version" : "0.2.8"
      }
    },
    {
      "identity" : "superwall-ios",
      "kind" : "remoteSourceControl",
      "location" : "https://github.com/superwall/Superwall-iOS",
      "state" : {
        "revision" : "f42a089760ffbc6a626cd693cb0f301277902e0b",
        "version" : "4.5.2"
      }
    }
  ],
  "version" : 3
}
