{
  "originHash" : "f1af5ead0381b5353f0da274dc6210ab3ccf1c18a508c7d5be0b01f14cd6eb8e",
  "pins" : [
    {
      "identity" : "purchases-ios",
      "kind" : "remoteSourceControl",
      "location" : "https://github.com/RevenueCat/purchases-ios.git",
      "state" : {
        "revision" : "84e860c081dc48bda81d5a51514f43218b2f4bf1",
        "version" : "5.22.1"
      }
    },
    {
      "identity" : "superscript-ios",
      "kind" : "remoteSourceControl",
      "location" : "https://github.com/superwall/Superscript-iOS",
      "state" : {
        "revision" : "a1ccc64da3c1b208c50de0ea46812f0027b14858",
        "version" : "0.1.18"
      }
    },
    {
      "identity" : "superwall-ios",
      "kind" : "remoteSourceControl",
      "location" : "https://github.com/superwall/Superwall-iOS",
      "state" : {
        "revision" : "191447cb00820b76959049f36c8f88489b14ec87",
        "version" : "4.0.6"
      }
    }
  ],
  "version" : 3
}
